github.com/dan-hill/ox v0.5.0 h1:HywcKsPZIcdW3U+3UP7mMMKeIudaMyPumUCOTWT1MqE=
github.com/dan-hill/ox v0.5.0/go.mod h1:nEFJrTaEV3fIoGSu6aqgK1258pGmnIV30uqpiqzyo3w=
github.com/dan-hill/ox v0.6.0 h1:SD78bmYQP53v8kzT7ME7+bGWpyYpe5UIeC78OaRcG/o=
github.com/dan-hill/ox v0.6.0/go.mod h1:nEFJrTaEV3fIoGSu6aqgK1258pGmnIV30uqpiqzyo3w=
